
Microsoft Visual Studio Solution File, Format Version 12.00
# Visual Studio Version 17
VisualStudioVersion = 17.3.32929.385
MinimumVisualStudioVersion = 10.0.40219.1
Project("{9A19103F-16F7-4668-BE54-9A1E7A4F7556}") = "LCD", "LCD\LCD.csproj", "{5B49439C-1DE7-4900-B9A0-507E34103CDB}"
EndProject
Project("{9A19103F-16F7-4668-BE54-9A1E7A4F7556}") = "LCD.Test", "LCD.Test\LCD.Test.csproj", "{660BE686-3CE0-456C-A729-24CEBB28F3B9}"
EndProject
Global
	GlobalSection(SolutionConfigurationPlatforms) = preSolution
		Debug|Any CPU = Debug|Any CPU
		Integration|Any CPU = Integration|Any CPU
		Release|Any CPU = Release|Any CPU
	EndGlobalSection
	GlobalSection(ProjectConfigurationPlatforms) = postSolution
		{5B49439C-1DE7-4900-B9A0-507E34103CDB}.Debug|Any CPU.ActiveCfg = Debug|Any CPU
		{5B49439C-1DE7-4900-B9A0-507E34103CDB}.Debug|Any CPU.Build.0 = Debug|Any CPU
		{5B49439C-1DE7-4900-B9A0-507E34103CDB}.Integration|Any CPU.ActiveCfg = Integration|Any CPU
		{5B49439C-1DE7-4900-B9A0-507E34103CDB}.Integration|Any CPU.Build.0 = Integration|Any CPU
		{5B49439C-1DE7-4900-B9A0-507E34103CDB}.Release|Any CPU.ActiveCfg = Release|Any CPU
		{5B49439C-1DE7-4900-B9A0-507E34103CDB}.Release|Any CPU.Build.0 = Release|Any CPU
		{660BE686-3CE0-456C-A729-24CEBB28F3B9}.Debug|Any CPU.ActiveCfg = Debug|Any CPU
		{660BE686-3CE0-456C-A729-24CEBB28F3B9}.Debug|Any CPU.Build.0 = Debug|Any CPU
		{660BE686-3CE0-456C-A729-24CEBB28F3B9}.Integration|Any CPU.ActiveCfg = Integration|Any CPU
		{660BE686-3CE0-456C-A729-24CEBB28F3B9}.Integration|Any CPU.Build.0 = Integration|Any CPU
		{660BE686-3CE0-456C-A729-24CEBB28F3B9}.Release|Any CPU.ActiveCfg = Release|Any CPU
		{660BE686-3CE0-456C-A729-24CEBB28F3B9}.Release|Any CPU.Build.0 = Release|Any CPU
	EndGlobalSection
	GlobalSection(SolutionProperties) = preSolution
		HideSolutionNode = FALSE
	EndGlobalSection
	GlobalSection(ExtensibilityGlobals) = postSolution
		SolutionGuid = {1BA50ADD-68D3-48CB-A17C-D9038AD8861A}
	EndGlobalSection
EndGlobal
